<?xml version="1.0" encoding="utf-8"?>
<Project ToolsVersion="4.0" xmlns="http://schemas.microsoft.com/developer/msbuild/2003">
  <ItemGroup>
    <Filter Include="源文件">
      <UniqueIdentifier>{4FC737F1-C7A5-4376-A066-2A32D752A2FF}</UniqueIdentifier>
      <Extensions>cpp;c;cxx;def;odl;idl;hpj;bat;asm;asmx</Extensions>
    </Filter>
    <Filter Include="头文件">
      <UniqueIdentifier>{93995380-89BD-4b04-88EB-625FBE52EBFB}</UniqueIdentifier>
      <Extensions>h;hpp;hxx;hm;inl;inc;xsd</Extensions>
    </Filter>
    <Filter Include="资源文件">
      <UniqueIdentifier>{67DA6AB6-F800-4c08-8B7A-83BB121AAD01}</UniqueIdentifier>
      <Extensions>rc;ico;cur;bmp;dlg;rc2;rct;bin;rgs;gif;jpg;jpeg;jpe;resx</Extensions>
    </Filter>
  </ItemGroup>
  <ItemGroup>
    <ClCompile Include="DlgCurve.cpp">
      <Filter>源文件</Filter>
    </ClCompile>
    <ClCompile Include="DlgHisData.cpp">
      <Filter>源文件</Filter>
    </ClCompile>
    <ClCompile Include="DlgParam.cpp">
      <Filter>源文件</Filter>
    </ClCompile>
    <ClCompile Include="DlgPic.cpp">
      <Filter>源文件</Filter>
    </ClCompile>
    <ClCompile Include="DlgShow.cpp">
      <Filter>源文件</Filter>
    </ClCompile>
    <ClCompile Include="HeaderCtrlCl.cpp">
      <Filter>源文件</Filter>
    </ClCompile>
    <ClCompile Include="HeaderCtrlExt.cpp">
      <Filter>源文件</Filter>
    </ClCompile>
    <ClCompile Include="HzGL.cpp">
      <Filter>源文件</Filter>
    </ClCompile>
    <ClCompile Include="ListCtrlCl.cpp">
      <Filter>源文件</Filter>
    </ClCompile>
    <ClCompile Include="ListCtrlExt.cpp">
      <Filter>源文件</Filter>
    </ClCompile>
    <ClCompile Include="mscomm1.cpp">
      <Filter>源文件</Filter>
    </ClCompile>
    <ClCompile Include="MsgHook.cpp">
      <Filter>源文件</Filter>
    </ClCompile>
    <ClCompile Include="OwnWnd.cpp">
      <Filter>源文件</Filter>
    </ClCompile>
    <ClCompile Include="stdafx.cpp">
      <Filter>源文件</Filter>
    </ClCompile>
    <ClCompile Include="TestSys.cpp">
      <Filter>源文件</Filter>
    </ClCompile>
    <ClCompile Include="TestSysDlg.cpp">
      <Filter>源文件</Filter>
    </ClCompile>
    <ClCompile Include="XPButton.cpp">
      <Filter>源文件</Filter>
    </ClCompile>
  </ItemGroup>
  <ItemGroup>
    <ClInclude Include="cnComm.h">
      <Filter>头文件</Filter>
    </ClInclude>
    <ClInclude Include="DataStruct.h">
      <Filter>头文件</Filter>
    </ClInclude>
    <ClInclude Include="DataStructTemplate.h">
      <Filter>头文件</Filter>
    </ClInclude>
    <ClInclude Include="DlgCurve.h">
      <Filter>头文件</Filter>
    </ClInclude>
    <ClInclude Include="DlgHisData.h">
      <Filter>头文件</Filter>
    </ClInclude>
    <ClInclude Include="DlgParam.h">
      <Filter>头文件</Filter>
    </ClInclude>
    <ClInclude Include="DlgPic.h">
      <Filter>头文件</Filter>
    </ClInclude>
    <ClInclude Include="DlgShow.h">
      <Filter>头文件</Filter>
    </ClInclude>
    <ClInclude Include="HeaderCtrlCl.h">
      <Filter>头文件</Filter>
    </ClInclude>
    <ClInclude Include="HeaderCtrlExt.h">
      <Filter>头文件</Filter>
    </ClInclude>
    <ClInclude Include="highgui.h">
      <Filter>头文件</Filter>
    </ClInclude>
    <ClInclude Include="HzGL.h">
      <Filter>头文件</Filter>
    </ClInclude>
    <ClInclude Include="ListCtrlCl.h">
      <Filter>头文件</Filter>
    </ClInclude>
    <ClInclude Include="ListCtrlExt.h">
      <Filter>头文件</Filter>
    </ClInclude>
    <ClInclude Include="mscomm1.h">
      <Filter>头文件</Filter>
    </ClInclude>
    <ClInclude Include="MsgHook.h">
      <Filter>头文件</Filter>
    </ClInclude>
    <ClInclude Include="OwnWnd.h">
      <Filter>头文件</Filter>
    </ClInclude>
    <ClInclude Include="Resource.h">
      <Filter>头文件</Filter>
    </ClInclude>
    <ClInclude Include="SkinH.h">
      <Filter>头文件</Filter>
    </ClInclude>
    <ClInclude Include="stdafx.h">
      <Filter>头文件</Filter>
    </ClInclude>
    <ClInclude Include="TestSys.h">
      <Filter>头文件</Filter>
    </ClInclude>
    <ClInclude Include="TestSysDlg.h">
      <Filter>头文件</Filter>
    </ClInclude>
    <ClInclude Include="XPButton.h">
      <Filter>头文件</Filter>
    </ClInclude>
  </ItemGroup>
  <ItemGroup>
    <None Include="res\TestSys.ico">
      <Filter>资源文件</Filter>
    </None>
    <None Include="res\TestSys.rc2">
      <Filter>资源文件</Filter>
    </None>
    <None Include="ReadMe.txt" />
  </ItemGroup>
  <ItemGroup>
    <ResourceCompile Include="TestSys.rc">
      <Filter>资源文件</Filter>
    </ResourceCompile>
  </ItemGroup>
  <ItemGroup>
    <Manifest Include="res\TestSys.manifest" />
  </ItemGroup>
</Project>